
Microsoft Visual Studio Solution File, Format Version 12.00
# Visual Studio Version 17
VisualStudioVersion = 17.7.34018.315
MinimumVisualStudioVersion = 10.0.40219.1
Project("{FAE04EC0-301F-11D3-BF4B-00C04F79EFBC}") = "Project1", "Project1\Project1.csproj", "{5DB2E003-5520-4BB1-82F1-0EA8A9011A09}"
EndProject
Global
	GlobalSection(SolutionConfigurationPlatforms) = preSolution
		Debug|Any CPU = Debug|Any CPU
		Release|Any CPU = Release|Any CPU
	EndGlobalSection
	GlobalSection(ProjectConfigurationPlatforms) = postSolution
		{5DB2E003-5520-4BB1-82F1-0EA8A9011A09}.Debug|Any CPU.ActiveCfg = Debug|Any CPU
		{5DB2E003-5520-4BB1-82F1-0EA8A9011A09}.Debug|Any CPU.Build.0 = Debug|Any CPU
		{5DB2E003-5520-4BB1-82F1-0EA8A9011A09}.Release|Any CPU.ActiveCfg = Release|Any CPU
		{5DB2E003-5520-4BB1-82F1-0EA8A9011A09}.Release|Any CPU.Build.0 = Release|Any CPU
	EndGlobalSection
	GlobalSection(SolutionProperties) = preSolution
		HideSolutionNode = FALSE
	EndGlobalSection
	GlobalSection(ExtensibilityGlobals) = postSolution
		SolutionGuid = {9B26FFE0-7938-4AED-A43E-AE9253BED926}
	EndGlobalSection
EndGlobal
