
Microsoft Visual Studio Solution File, Format Version 12.00
# Visual Studio Version 17
VisualStudioVersion = 17.7.34018.315
MinimumVisualStudioVersion = 10.0.40219.1
Project("{FAE04EC0-301F-11D3-BF4B-00C04F79EFBC}") = "ConsoleApp2", "ConsoleApp2\ConsoleApp2.csproj", "{215ABE61-3DA9-477B-AB63-F15D46DAACDB}"
EndProject
Global
	GlobalSection(SolutionConfigurationPlatforms) = preSolution
		Debug|Any CPU = Debug|Any CPU
		Release|Any CPU = Release|Any CPU
	EndGlobalSection
	GlobalSection(ProjectConfigurationPlatforms) = postSolution
		{215ABE61-3DA9-477B-AB63-F15D46DAACDB}.Debug|Any CPU.ActiveCfg = Debug|Any CPU
		{215ABE61-3DA9-477B-AB63-F15D46DAACDB}.Debug|Any CPU.Build.0 = Debug|Any CPU
		{215ABE61-3DA9-477B-AB63-F15D46DAACDB}.Release|Any CPU.ActiveCfg = Release|Any CPU
		{215ABE61-3DA9-477B-AB63-F15D46DAACDB}.Release|Any CPU.Build.0 = Release|Any CPU
	EndGlobalSection
	GlobalSection(SolutionProperties) = preSolution
		HideSolutionNode = FALSE
	EndGlobalSection
	GlobalSection(ExtensibilityGlobals) = postSolution
		SolutionGuid = {6E951A62-FF9E-416F-8643-2C0092E9E924}
	EndGlobalSection
EndGlobal
