
Microsoft Visual Studio Solution File, Format Version 12.00
# Visual Studio Version 17
VisualStudioVersion = 17.7.34018.315
MinimumVisualStudioVersion = 10.0.40219.1
Project("{FAE04EC0-301F-11D3-BF4B-00C04F79EFBC}") = "project 1", "project 1\project 1.csproj", "{734E89E9-82D6-4969-B9E7-996B6CB6A4A3}"
EndProject
Global
	GlobalSection(SolutionConfigurationPlatforms) = preSolution
		Debug|Any CPU = Debug|Any CPU
		Release|Any CPU = Release|Any CPU
	EndGlobalSection
	GlobalSection(ProjectConfigurationPlatforms) = postSolution
		{734E89E9-82D6-4969-B9E7-996B6CB6A4A3}.Debug|Any CPU.ActiveCfg = Debug|Any CPU
		{734E89E9-82D6-4969-B9E7-996B6CB6A4A3}.Debug|Any CPU.Build.0 = Debug|Any CPU
		{734E89E9-82D6-4969-B9E7-996B6CB6A4A3}.Release|Any CPU.ActiveCfg = Release|Any CPU
		{734E89E9-82D6-4969-B9E7-996B6CB6A4A3}.Release|Any CPU.Build.0 = Release|Any CPU
	EndGlobalSection
	GlobalSection(SolutionProperties) = preSolution
		HideSolutionNode = FALSE
	EndGlobalSection
	GlobalSection(ExtensibilityGlobals) = postSolution
		SolutionGuid = {CAF7FDBB-EB16-4537-9B8C-E84B9D873AE9}
	EndGlobalSection
EndGlobal
