
Microsoft Visual Studio Solution File, Format Version 12.00
# Visual Studio Version 17
VisualStudioVersion = 17.7.34018.315
MinimumVisualStudioVersion = 10.0.40219.1
Project("{FAE04EC0-301F-11D3-BF4B-00C04F79EFBC}") = "task2", "task2\task2.csproj", "{A251C44E-0A81-4191-B3C2-45803A83B0D3}"
EndProject
Global
	GlobalSection(SolutionConfigurationPlatforms) = preSolution
		Debug|Any CPU = Debug|Any CPU
		Release|Any CPU = Release|Any CPU
	EndGlobalSection
	GlobalSection(ProjectConfigurationPlatforms) = postSolution
		{A251C44E-0A81-4191-B3C2-45803A83B0D3}.Debug|Any CPU.ActiveCfg = Debug|Any CPU
		{A251C44E-0A81-4191-B3C2-45803A83B0D3}.Debug|Any CPU.Build.0 = Debug|Any CPU
		{A251C44E-0A81-4191-B3C2-45803A83B0D3}.Release|Any CPU.ActiveCfg = Release|Any CPU
		{A251C44E-0A81-4191-B3C2-45803A83B0D3}.Release|Any CPU.Build.0 = Release|Any CPU
	EndGlobalSection
	GlobalSection(SolutionProperties) = preSolution
		HideSolutionNode = FALSE
	EndGlobalSection
	GlobalSection(ExtensibilityGlobals) = postSolution
		SolutionGuid = {1D5FF41D-74CE-4B0C-8154-543D6E90E32C}
	EndGlobalSection
EndGlobal
